
Microsoft Visual Studio Solution File, Format Version 12.00
Project("{FAE04EC0-301F-11D3-BF4B-00C04F79EFBC}") = "GameChanger_V22", "GameChanger_V22.csproj", "{6862F4C8-AA44-4904-93F3-0B0683F31F09}"
EndProject
Global
	GlobalSection(SolutionConfigurationPlatforms) = preSolution
		Debug|Any CPU = Debug|Any CPU
		Release|Any CPU = Release|Any CPU
	EndGlobalSection
	GlobalSection(ProjectConfigurationPlatforms) = postSolution
		{6862F4C8-AA44-4904-93F3-0B0683F31F09}.Debug|Any CPU.ActiveCfg = Debug|Any CPU
		{6862F4C8-AA44-4904-93F3-0B0683F31F09}.Debug|Any CPU.Build.0 = Debug|Any CPU
		{6862F4C8-AA44-4904-93F3-0B0683F31F09}.Release|Any CPU.ActiveCfg = Release|Any CPU
		{6862F4C8-AA44-4904-93F3-0B0683F31F09}.Release|Any CPU.Build.0 = Release|Any CPU
	EndGlobalSection
EndGlobal
